
Microsoft Visual Studio Solution File, Format Version 12.00
# Visual Studio Version 17
VisualStudioVersion = 17.5.2.0
MinimumVisualStudioVersion = 10.0.40219.1
Project("{2150E333-8FDC-42A3-9474-1A3956D46DE8}") = "test", "test", "{4FC200C9-520E-4EFC-B309-C8A00310A6C9}"
EndProject
Project("{FAE04EC0-301F-11D3-BF4B-00C04F79EFBC}") = "Odysseus.Tests", "test\Odysseus.Tests\Odysseus.Tests.csproj", "{310DC677-3D9C-4D8A-A9CB-186E1F317045}"
EndProject
Project("{2150E333-8FDC-42A3-9474-1A3956D46DE8}") = "src", "src", "{3018E992-06AE-4FB1-925B-E3BC67274EC7}"
EndProject
Project("{FAE04EC0-301F-11D3-BF4B-00C04F79EFBC}") = "Odysseus.Host", "src\Odysseus\Odysseus.Host.csproj", "{725F9B84-0F1B-4748-B947-E57409AB6EA6}"
EndProject
Global
	GlobalSection(SolutionConfigurationPlatforms) = preSolution
		Debug|Any CPU = Debug|Any CPU
		Release|Any CPU = Release|Any CPU
	EndGlobalSection
	GlobalSection(ProjectConfigurationPlatforms) = postSolution
		{310DC677-3D9C-4D8A-A9CB-186E1F317045}.Debug|Any CPU.ActiveCfg = Debug|Any CPU
		{310DC677-3D9C-4D8A-A9CB-186E1F317045}.Debug|Any CPU.Build.0 = Debug|Any CPU
		{310DC677-3D9C-4D8A-A9CB-186E1F317045}.Release|Any CPU.ActiveCfg = Release|Any CPU
		{310DC677-3D9C-4D8A-A9CB-186E1F317045}.Release|Any CPU.Build.0 = Release|Any CPU
		{725F9B84-0F1B-4748-B947-E57409AB6EA6}.Debug|Any CPU.ActiveCfg = Debug|Any CPU
		{725F9B84-0F1B-4748-B947-E57409AB6EA6}.Debug|Any CPU.Build.0 = Debug|Any CPU
		{725F9B84-0F1B-4748-B947-E57409AB6EA6}.Release|Any CPU.ActiveCfg = Release|Any CPU
		{725F9B84-0F1B-4748-B947-E57409AB6EA6}.Release|Any CPU.Build.0 = Release|Any CPU
	EndGlobalSection
	GlobalSection(SolutionProperties) = preSolution
		HideSolutionNode = FALSE
	EndGlobalSection
	GlobalSection(NestedProjects) = preSolution
		{310DC677-3D9C-4D8A-A9CB-186E1F317045} = {4FC200C9-520E-4EFC-B309-C8A00310A6C9}
		{725F9B84-0F1B-4748-B947-E57409AB6EA6} = {3018E992-06AE-4FB1-925B-E3BC67274EC7}
	EndGlobalSection
	GlobalSection(ExtensibilityGlobals) = postSolution
		SolutionGuid = {03218CF7-8C00-4C02-9997-39113E1BF3D8}
	EndGlobalSection
EndGlobal
